
Microsoft Visual Studio Solution File, Format Version 12.00
# Visual Studio 15
VisualStudioVersion = 15.0.28307.852
MinimumVisualStudioVersion = 10.0.40219.1
Project("{FAE04EC0-301F-11D3-BF4B-00C04F79EFBC}") = "SistemaFacturación", "SistemaFacturación\SistemaFacturación.csproj", "{E2E9B080-2690-4388-B5F4-70EA6D1852DB}"
EndProject
Global
	GlobalSection(SolutionConfigurationPlatforms) = preSolution
		Debug|Any CPU = Debug|Any CPU
		Release|Any CPU = Release|Any CPU
	EndGlobalSection
	GlobalSection(ProjectConfigurationPlatforms) = postSolution
		{E2E9B080-2690-4388-B5F4-70EA6D1852DB}.Debug|Any CPU.ActiveCfg = Debug|Any CPU
		{E2E9B080-2690-4388-B5F4-70EA6D1852DB}.Debug|Any CPU.Build.0 = Debug|Any CPU
		{E2E9B080-2690-4388-B5F4-70EA6D1852DB}.Release|Any CPU.ActiveCfg = Release|Any CPU
		{E2E9B080-2690-4388-B5F4-70EA6D1852DB}.Release|Any CPU.Build.0 = Release|Any CPU
	EndGlobalSection
	GlobalSection(SolutionProperties) = preSolution
		HideSolutionNode = FALSE
	EndGlobalSection
	GlobalSection(ExtensibilityGlobals) = postSolution
		SolutionGuid = {37713FF4-500A-456B-9321-FA56DA3D7F70}
	EndGlobalSection
EndGlobal
